<?xml version="1.0" encoding="utf-8"?>
<Project ToolsVersion="17.0" xmlns="http://schemas.microsoft.com/developer/msbuild/2003">
  <ItemGroup>
    <CustomBuild Include="C:\Users\nilsa\source\repos\TDA362\TDA362---labbar\CMakeFiles\d162fd49b1e8eb1583844ab962b91e1b\generate.stamp.rule">
      <Filter>CMake Rules</Filter>
    </CustomBuild>
  </ItemGroup>
  <ItemGroup>
    <Filter Include="CMake Rules">
      <UniqueIdentifier>{0472FC70-5ECD-3642-9606-F93689931C42}</UniqueIdentifier>
    </Filter>
  </ItemGroup>
</Project>
